// !$*UTF8*$!
{
	archiveVersion = 1;
	classes = {
	};
	objectVersion = 51;
	objects = {

/* Begin PBXBuildFile section */
		3F0BE4C5269CEB7700D41611 /* LoginViewController.m in Sources */ = {isa = PBXBuildFile; fileRef = 3F0BE4C4269CEB7700D41611 /* LoginViewController.m */; };
		3F0BE4C8269DE5E300D41611 /* HomeViewController.m in Sources */ = {isa = PBXBuildFile; fileRef = 3F0BE4C7269DE5E300D41611 /* HomeViewController.m */; };
		3F0BE4CB269DE7A800D41611 /* ProfileViewController.m in Sources */ = {isa = PBXBuildFile; fileRef = 3F0BE4CA269DE7A800D41611 /* ProfileViewController.m */; };
		3F34F28126A5F8050035D0F0 /* ComposePostViewController.m in Sources */ = {isa = PBXBuildFile; fileRef = 3F34F28026A5F8050035D0F0 /* ComposePostViewController.m */; };
		3F46509E26A7573000E6890E /* EditProfileViewController.m in Sources */ = {isa = PBXBuildFile; fileRef = 3F46509D26A7573000E6890E /* EditProfileViewController.m */; };
		3F641D12269CD74500313D49 /* AppDelegate.m in Sources */ = {isa = PBXBuildFile; fileRef = 3F641D11269CD74500313D49 /* AppDelegate.m */; };
		3F641D15269CD74500313D49 /* SceneDelegate.m in Sources */ = {isa = PBXBuildFile; fileRef = 3F641D14269CD74500313D49 /* SceneDelegate.m */; };
		3F641D1B269CD74500313D49 /* Main.storyboard in Resources */ = {isa = PBXBuildFile; fileRef = 3F641D19269CD74500313D49 /* Main.storyboard */; };
		3F641D1D269CD74600313D49 /* Assets.xcassets in Resources */ = {isa = PBXBuildFile; fileRef = 3F641D1C269CD74600313D49 /* Assets.xcassets */; };
		3F641D20269CD74600313D49 /* LaunchScreen.storyboard in Resources */ = {isa = PBXBuildFile; fileRef = 3F641D1E269CD74600313D49 /* LaunchScreen.storyboard */; };
		3F641D23269CD74600313D49 /* main.m in Sources */ = {isa = PBXBuildFile; fileRef = 3F641D22269CD74600313D49 /* main.m */; };
		3F641D2D269CD74600313D49 /* SproutTests.m in Sources */ = {isa = PBXBuildFile; fileRef = 3F641D2C269CD74600313D49 /* SproutTests.m */; };
		3F641D38269CD74600313D49 /* SproutUITests.m in Sources */ = {isa = PBXBuildFile; fileRef = 3F641D37269CD74600313D49 /* SproutUITests.m */; };
		3FADF3CE269E00D9002B5911 /* SocialFeedViewController.m in Sources */ = {isa = PBXBuildFile; fileRef = 3FADF3CD269E00D9002B5911 /* SocialFeedViewController.m */; };
		3FADF3D6269E0D8C002B5911 /* TaskCell.m in Sources */ = {isa = PBXBuildFile; fileRef = 3FADF3D5269E0D8C002B5911 /* TaskCell.m */; };
		3FADF3D9269E0D9B002B5911 /* PostCell.m in Sources */ = {isa = PBXBuildFile; fileRef = 3FADF3D8269E0D9B002B5911 /* PostCell.m */; };
		3FADF3DF269E2920002B5911 /* Task.m in Sources */ = {isa = PBXBuildFile; fileRef = 3FADF3DE269E2920002B5911 /* Task.m */; };
		3FADF3E2269E2934002B5911 /* Post.m in Sources */ = {isa = PBXBuildFile; fileRef = 3FADF3E1269E2934002B5911 /* Post.m */; };
		3FADF3E5269E2C9E002B5911 /* ComposePlanViewController.m in Sources */ = {isa = PBXBuildFile; fileRef = 3FADF3E4269E2C9E002B5911 /* ComposePlanViewController.m */; };
		3FADF3E826A07970002B5911 /* Networker.m in Sources */ = {isa = PBXBuildFile; fileRef = 3FADF3E726A07970002B5911 /* Networker.m */; };
		3FADF3EA26A07AB6002B5911 /* Keys.plist in Resources */ = {isa = PBXBuildFile; fileRef = 3FADF3E926A07AB6002B5911 /* Keys.plist */; };
		4E034D14A9B8074CAFA4A32C /* Pods_SproutTests.framework in Frameworks */ = {isa = PBXBuildFile; fileRef = 743B907A73B8FFEE894C3740 /* Pods_SproutTests.framework */; };
		DFA952BA6063164418312B07 /* Pods_Sprout_SproutUITests.framework in Frameworks */ = {isa = PBXBuildFile; fileRef = 335F8FDBF204F0E76FFE8AE1 /* Pods_Sprout_SproutUITests.framework */; };
		F78073E6F7F5FAD3323095D1 /* Pods_Sprout.framework in Frameworks */ = {isa = PBXBuildFile; fileRef = 2926FF89B33740C3298CDACD /* Pods_Sprout.framework */; };
/* End PBXBuildFile section */

/* Begin PBXContainerItemProxy section */
		3F641D29269CD74600313D49 /* PBXContainerItemProxy */ = {
			isa = PBXContainerItemProxy;
			containerPortal = 3F641D05269CD74500313D49 /* Project object */;
			proxyType = 1;
			remoteGlobalIDString = 3F641D0C269CD74500313D49;
			remoteInfo = Sprout;
		};
		3F641D34269CD74600313D49 /* PBXContainerItemProxy */ = {
			isa = PBXContainerItemProxy;
			containerPortal = 3F641D05269CD74500313D49 /* Project object */;
			proxyType = 1;
			remoteGlobalIDString = 3F641D0C269CD74500313D49;
			remoteInfo = Sprout;
		};
/* End PBXContainerItemProxy section */

/* Begin PBXFileReference section */
		0A6193248C7C198FBA151C74 /* Pods-Sprout-SproutUITests.release.xcconfig */ = {isa = PBXFileReference; includeInIndex = 1; lastKnownFileType = text.xcconfig; name = "Pods-Sprout-SproutUITests.release.xcconfig"; path = "Target Support Files/Pods-Sprout-SproutUITests/Pods-Sprout-SproutUITests.release.xcconfig"; sourceTree = "<group>"; };
		2926FF89B33740C3298CDACD /* Pods_Sprout.framework */ = {isa = PBXFileReference; explicitFileType = wrapper.framework; includeInIndex = 0; path = Pods_Sprout.framework; sourceTree = BUILT_PRODUCTS_DIR; };
		335F8FDBF204F0E76FFE8AE1 /* Pods_Sprout_SproutUITests.framework */ = {isa = PBXFileReference; explicitFileType = wrapper.framework; includeInIndex = 0; path = Pods_Sprout_SproutUITests.framework; sourceTree = BUILT_PRODUCTS_DIR; };
		3F0BE4C3269CEB7700D41611 /* LoginViewController.h */ = {isa = PBXFileReference; lastKnownFileType = sourcecode.c.h; path = LoginViewController.h; sourceTree = "<group>"; };
		3F0BE4C4269CEB7700D41611 /* LoginViewController.m */ = {isa = PBXFileReference; lastKnownFileType = sourcecode.c.objc; path = LoginViewController.m; sourceTree = "<group>"; };
		3F0BE4C6269DE5E300D41611 /* HomeViewController.h */ = {isa = PBXFileReference; lastKnownFileType = sourcecode.c.h; path = HomeViewController.h; sourceTree = "<group>"; };
		3F0BE4C7269DE5E300D41611 /* HomeViewController.m */ = {isa = PBXFileReference; lastKnownFileType = sourcecode.c.objc; path = HomeViewController.m; sourceTree = "<group>"; };
		3F0BE4C9269DE7A800D41611 /* ProfileViewController.h */ = {isa = PBXFileReference; lastKnownFileType = sourcecode.c.h; path = ProfileViewController.h; sourceTree = "<group>"; };
		3F0BE4CA269DE7A800D41611 /* ProfileViewController.m */ = {isa = PBXFileReference; lastKnownFileType = sourcecode.c.objc; path = ProfileViewController.m; sourceTree = "<group>"; };
		3F34F27F26A5F8050035D0F0 /* ComposePostViewController.h */ = {isa = PBXFileReference; lastKnownFileType = sourcecode.c.h; path = ComposePostViewController.h; sourceTree = "<group>"; };
		3F34F28026A5F8050035D0F0 /* ComposePostViewController.m */ = {isa = PBXFileReference; lastKnownFileType = sourcecode.c.objc; path = ComposePostViewController.m; sourceTree = "<group>"; };
		3F46509C26A7573000E6890E /* EditProfileViewController.h */ = {isa = PBXFileReference; lastKnownFileType = sourcecode.c.h; path = EditProfileViewController.h; sourceTree = "<group>"; };
		3F46509D26A7573000E6890E /* EditProfileViewController.m */ = {isa = PBXFileReference; lastKnownFileType = sourcecode.c.objc; path = EditProfileViewController.m; sourceTree = "<group>"; };
		3F641D0D269CD74500313D49 /* Sprout.app */ = {isa = PBXFileReference; explicitFileType = wrapper.application; includeInIndex = 0; path = Sprout.app; sourceTree = BUILT_PRODUCTS_DIR; };
		3F641D10269CD74500313D49 /* AppDelegate.h */ = {isa = PBXFileReference; lastKnownFileType = sourcecode.c.h; path = AppDelegate.h; sourceTree = "<group>"; };
		3F641D11269CD74500313D49 /* AppDelegate.m */ = {isa = PBXFileReference; lastKnownFileType = sourcecode.c.objc; path = AppDelegate.m; sourceTree = "<group>"; };
		3F641D13269CD74500313D49 /* SceneDelegate.h */ = {isa = PBXFileReference; lastKnownFileType = sourcecode.c.h; path = SceneDelegate.h; sourceTree = "<group>"; };
		3F641D14269CD74500313D49 /* SceneDelegate.m */ = {isa = PBXFileReference; lastKnownFileType = sourcecode.c.objc; path = SceneDelegate.m; sourceTree = "<group>"; };
		3F641D1A269CD74500313D49 /* Base */ = {isa = PBXFileReference; lastKnownFileType = file.storyboard; name = Base; path = Base.lproj/Main.storyboard; sourceTree = "<group>"; };
		3F641D1C269CD74600313D49 /* Assets.xcassets */ = {isa = PBXFileReference; lastKnownFileType = folder.assetcatalog; path = Assets.xcassets; sourceTree = "<group>"; };
		3F641D1F269CD74600313D49 /* Base */ = {isa = PBXFileReference; lastKnownFileType = file.storyboard; name = Base; path = Base.lproj/LaunchScreen.storyboard; sourceTree = "<group>"; };
		3F641D21269CD74600313D49 /* Info.plist */ = {isa = PBXFileReference; lastKnownFileType = text.plist.xml; path = Info.plist; sourceTree = "<group>"; };
		3F641D22269CD74600313D49 /* main.m */ = {isa = PBXFileReference; lastKnownFileType = sourcecode.c.objc; path = main.m; sourceTree = "<group>"; };
		3F641D28269CD74600313D49 /* SproutTests.xctest */ = {isa = PBXFileReference; explicitFileType = wrapper.cfbundle; includeInIndex = 0; path = SproutTests.xctest; sourceTree = BUILT_PRODUCTS_DIR; };
		3F641D2C269CD74600313D49 /* SproutTests.m */ = {isa = PBXFileReference; lastKnownFileType = sourcecode.c.objc; path = SproutTests.m; sourceTree = "<group>"; };
		3F641D2E269CD74600313D49 /* Info.plist */ = {isa = PBXFileReference; lastKnownFileType = text.plist.xml; path = Info.plist; sourceTree = "<group>"; };
		3F641D33269CD74600313D49 /* SproutUITests.xctest */ = {isa = PBXFileReference; explicitFileType = wrapper.cfbundle; includeInIndex = 0; path = SproutUITests.xctest; sourceTree = BUILT_PRODUCTS_DIR; };
		3F641D37269CD74600313D49 /* SproutUITests.m */ = {isa = PBXFileReference; lastKnownFileType = sourcecode.c.objc; path = SproutUITests.m; sourceTree = "<group>"; };
		3F641D39269CD74600313D49 /* Info.plist */ = {isa = PBXFileReference; lastKnownFileType = text.plist.xml; path = Info.plist; sourceTree = "<group>"; };
		3FADF3CC269E00D9002B5911 /* SocialFeedViewController.h */ = {isa = PBXFileReference; lastKnownFileType = sourcecode.c.h; path = SocialFeedViewController.h; sourceTree = "<group>"; };
		3FADF3CD269E00D9002B5911 /* SocialFeedViewController.m */ = {isa = PBXFileReference; lastKnownFileType = sourcecode.c.objc; path = SocialFeedViewController.m; sourceTree = "<group>"; };
		3FADF3D4269E0D8C002B5911 /* TaskCell.h */ = {isa = PBXFileReference; lastKnownFileType = sourcecode.c.h; path = TaskCell.h; sourceTree = "<group>"; };
		3FADF3D5269E0D8C002B5911 /* TaskCell.m */ = {isa = PBXFileReference; lastKnownFileType = sourcecode.c.objc; path = TaskCell.m; sourceTree = "<group>"; };
		3FADF3D7269E0D9B002B5911 /* PostCell.h */ = {isa = PBXFileReference; lastKnownFileType = sourcecode.c.h; path = PostCell.h; sourceTree = "<group>"; };
		3FADF3D8269E0D9B002B5911 /* PostCell.m */ = {isa = PBXFileReference; lastKnownFileType = sourcecode.c.objc; path = PostCell.m; sourceTree = "<group>"; };
		3FADF3DD269E2920002B5911 /* Task.h */ = {isa = PBXFileReference; lastKnownFileType = sourcecode.c.h; path = Task.h; sourceTree = "<group>"; };
		3FADF3DE269E2920002B5911 /* Task.m */ = {isa = PBXFileReference; lastKnownFileType = sourcecode.c.objc; path = Task.m; sourceTree = "<group>"; };
		3FADF3E0269E2934002B5911 /* Post.h */ = {isa = PBXFileReference; lastKnownFileType = sourcecode.c.h; path = Post.h; sourceTree = "<group>"; };
		3FADF3E1269E2934002B5911 /* Post.m */ = {isa = PBXFileReference; lastKnownFileType = sourcecode.c.objc; path = Post.m; sourceTree = "<group>"; };
		3FADF3E3269E2C9E002B5911 /* ComposePlanViewController.h */ = {isa = PBXFileReference; lastKnownFileType = sourcecode.c.h; path = ComposePlanViewController.h; sourceTree = "<group>"; };
		3FADF3E4269E2C9E002B5911 /* ComposePlanViewController.m */ = {isa = PBXFileReference; lastKnownFileType = sourcecode.c.objc; path = ComposePlanViewController.m; sourceTree = "<group>"; };
		3FADF3E626A07970002B5911 /* Networker.h */ = {isa = PBXFileReference; lastKnownFileType = sourcecode.c.h; path = Networker.h; sourceTree = "<group>"; };
		3FADF3E726A07970002B5911 /* Networker.m */ = {isa = PBXFileReference; lastKnownFileType = sourcecode.c.objc; path = Networker.m; sourceTree = "<group>"; };
		3FADF3E926A07AB6002B5911 /* Keys.plist */ = {isa = PBXFileReference; lastKnownFileType = text.plist.xml; path = Keys.plist; sourceTree = "<group>"; };
		743B907A73B8FFEE894C3740 /* Pods_SproutTests.framework */ = {isa = PBXFileReference; explicitFileType = wrapper.framework; includeInIndex = 0; path = Pods_SproutTests.framework; sourceTree = BUILT_PRODUCTS_DIR; };
		828F7BEAC83E0940E64469A2 /* Pods-Sprout.debug.xcconfig */ = {isa = PBXFileReference; includeInIndex = 1; lastKnownFileType = text.xcconfig; name = "Pods-Sprout.debug.xcconfig"; path = "Target Support Files/Pods-Sprout/Pods-Sprout.debug.xcconfig"; sourceTree = "<group>"; };
		90C10A85E5528CB9A4A1FA15 /* Pods-SproutTests.debug.xcconfig */ = {isa = PBXFileReference; includeInIndex = 1; lastKnownFileType = text.xcconfig; name = "Pods-SproutTests.debug.xcconfig"; path = "Target Support Files/Pods-SproutTests/Pods-SproutTests.debug.xcconfig"; sourceTree = "<group>"; };
		BF3DD849CA765C48AC56258F /* Pods-SproutTests.release.xcconfig */ = {isa = PBXFileReference; includeInIndex = 1; lastKnownFileType = text.xcconfig; name = "Pods-SproutTests.release.xcconfig"; path = "Target Support Files/Pods-SproutTests/Pods-SproutTests.release.xcconfig"; sourceTree = "<group>"; };
		C21E0D81E467A3AEF68FBF58 /* Pods-Sprout.release.xcconfig */ = {isa = PBXFileReference; includeInIndex = 1; lastKnownFileType = text.xcconfig; name = "Pods-Sprout.release.xcconfig"; path = "Target Support Files/Pods-Sprout/Pods-Sprout.release.xcconfig"; sourceTree = "<group>"; };
		ED8D8D3C280DE61A06E6DD2E /* Pods-Sprout-SproutUITests.debug.xcconfig */ = {isa = PBXFileReference; includeInIndex = 1; lastKnownFileType = text.xcconfig; name = "Pods-Sprout-SproutUITests.debug.xcconfig"; path = "Target Support Files/Pods-Sprout-SproutUITests/Pods-Sprout-SproutUITests.debug.xcconfig"; sourceTree = "<group>"; };
/* End PBXFileReference section */

/* Begin PBXFrameworksBuildPhase section */
		3F641D0A269CD74500313D49 /* Frameworks */ = {
			isa = PBXFrameworksBuildPhase;
			buildActionMask = 2147483647;
			files = (
				F78073E6F7F5FAD3323095D1 /* Pods_Sprout.framework in Frameworks */,
			);
			runOnlyForDeploymentPostprocessing = 0;
		};
		3F641D25269CD74600313D49 /* Frameworks */ = {
			isa = PBXFrameworksBuildPhase;
			buildActionMask = 2147483647;
			files = (
				4E034D14A9B8074CAFA4A32C /* Pods_SproutTests.framework in Frameworks */,
			);
			runOnlyForDeploymentPostprocessing = 0;
		};
		3F641D30269CD74600313D49 /* Frameworks */ = {
			isa = PBXFrameworksBuildPhase;
			buildActionMask = 2147483647;
			files = (
				DFA952BA6063164418312B07 /* Pods_Sprout_SproutUITests.framework in Frameworks */,
			);
			runOnlyForDeploymentPostprocessing = 0;
		};
/* End PBXFrameworksBuildPhase section */

/* Begin PBXGroup section */
		3F0BE4C2269CEB5800D41611 /* View Controllers */ = {
			isa = PBXGroup;
			children = (
				3F0BE4C3269CEB7700D41611 /* LoginViewController.h */,
				3F0BE4C4269CEB7700D41611 /* LoginViewController.m */,
				3F0BE4C6269DE5E300D41611 /* HomeViewController.h */,
				3F0BE4C7269DE5E300D41611 /* HomeViewController.m */,
				3F0BE4C9269DE7A800D41611 /* ProfileViewController.h */,
				3F0BE4CA269DE7A800D41611 /* ProfileViewController.m */,
				3FADF3CC269E00D9002B5911 /* SocialFeedViewController.h */,
				3FADF3CD269E00D9002B5911 /* SocialFeedViewController.m */,
				3FADF3E3269E2C9E002B5911 /* ComposePlanViewController.h */,
				3FADF3E4269E2C9E002B5911 /* ComposePlanViewController.m */,
				3F34F27F26A5F8050035D0F0 /* ComposePostViewController.h */,
				3F34F28026A5F8050035D0F0 /* ComposePostViewController.m */,
				3F46509C26A7573000E6890E /* EditProfileViewController.h */,
				3F46509D26A7573000E6890E /* EditProfileViewController.m */,
			);
			path = "View Controllers";
			sourceTree = "<group>";
		};
		3F641D04269CD74500313D49 = {
			isa = PBXGroup;
			children = (
				3F641D0F269CD74500313D49 /* Sprout */,
				3F641D2B269CD74600313D49 /* SproutTests */,
				3F641D36269CD74600313D49 /* SproutUITests */,
				3F641D0E269CD74500313D49 /* Products */,
				6931DCC85DC5A2DCAD1EC4E7 /* Pods */,
				C5CDCDCE73655B7F182F747A /* Frameworks */,
			);
			sourceTree = "<group>";
		};
		3F641D0E269CD74500313D49 /* Products */ = {
			isa = PBXGroup;
			children = (
				3F641D0D269CD74500313D49 /* Sprout.app */,
				3F641D28269CD74600313D49 /* SproutTests.xctest */,
				3F641D33269CD74600313D49 /* SproutUITests.xctest */,
			);
			name = Products;
			sourceTree = "<group>";
		};
		3F641D0F269CD74500313D49 /* Sprout */ = {
			isa = PBXGroup;
			children = (
				3FADF3D0269E0399002B5911 /* Models */,
				3FADF3CF269E038F002B5911 /* Views */,
				3F0BE4C2269CEB5800D41611 /* View Controllers */,
				3F641D10269CD74500313D49 /* AppDelegate.h */,
				3F641D11269CD74500313D49 /* AppDelegate.m */,
				3F641D13269CD74500313D49 /* SceneDelegate.h */,
				3F641D14269CD74500313D49 /* SceneDelegate.m */,
				3F641D19269CD74500313D49 /* Main.storyboard */,
				3F641D1C269CD74600313D49 /* Assets.xcassets */,
				3F641D1E269CD74600313D49 /* LaunchScreen.storyboard */,
				3F641D21269CD74600313D49 /* Info.plist */,
				3F641D22269CD74600313D49 /* main.m */,
				3FADF3E626A07970002B5911 /* Networker.h */,
				3FADF3E726A07970002B5911 /* Networker.m */,
				3FADF3E926A07AB6002B5911 /* Keys.plist */,
			);
			path = Sprout;
			sourceTree = "<group>";
		};
		3F641D2B269CD74600313D49 /* SproutTests */ = {
			isa = PBXGroup;
			children = (
				3F641D2C269CD74600313D49 /* SproutTests.m */,
				3F641D2E269CD74600313D49 /* Info.plist */,
			);
			path = SproutTests;
			sourceTree = "<group>";
		};
		3F641D36269CD74600313D49 /* SproutUITests */ = {
			isa = PBXGroup;
			children = (
				3F641D37269CD74600313D49 /* SproutUITests.m */,
				3F641D39269CD74600313D49 /* Info.plist */,
			);
			path = SproutUITests;
			sourceTree = "<group>";
		};
		3FADF3CF269E038F002B5911 /* Views */ = {
			isa = PBXGroup;
			children = (
				3FADF3D4269E0D8C002B5911 /* TaskCell.h */,
				3FADF3D5269E0D8C002B5911 /* TaskCell.m */,
				3FADF3D7269E0D9B002B5911 /* PostCell.h */,
				3FADF3D8269E0D9B002B5911 /* PostCell.m */,
			);
			path = Views;
			sourceTree = "<group>";
		};
		3FADF3D0269E0399002B5911 /* Models */ = {
			isa = PBXGroup;
			children = (
				3FADF3DD269E2920002B5911 /* Task.h */,
				3FADF3DE269E2920002B5911 /* Task.m */,
				3FADF3E0269E2934002B5911 /* Post.h */,
				3FADF3E1269E2934002B5911 /* Post.m */,
			);
			path = Models;
			sourceTree = "<group>";
		};
		6931DCC85DC5A2DCAD1EC4E7 /* Pods */ = {
			isa = PBXGroup;
			children = (
				828F7BEAC83E0940E64469A2 /* Pods-Sprout.debug.xcconfig */,
				C21E0D81E467A3AEF68FBF58 /* Pods-Sprout.release.xcconfig */,
				ED8D8D3C280DE61A06E6DD2E /* Pods-Sprout-SproutUITests.debug.xcconfig */,
				0A6193248C7C198FBA151C74 /* Pods-Sprout-SproutUITests.release.xcconfig */,
				90C10A85E5528CB9A4A1FA15 /* Pods-SproutTests.debug.xcconfig */,
				BF3DD849CA765C48AC56258F /* Pods-SproutTests.release.xcconfig */,
			);
			path = Pods;
			sourceTree = "<group>";
		};
		C5CDCDCE73655B7F182F747A /* Frameworks */ = {
			isa = PBXGroup;
			children = (
				2926FF89B33740C3298CDACD /* Pods_Sprout.framework */,
				335F8FDBF204F0E76FFE8AE1 /* Pods_Sprout_SproutUITests.framework */,
				743B907A73B8FFEE894C3740 /* Pods_SproutTests.framework */,
			);
			name = Frameworks;
			sourceTree = "<group>";
		};
/* End PBXGroup section */

/* Begin PBXNativeTarget section */
		3F641D0C269CD74500313D49 /* Sprout */ = {
			isa = PBXNativeTarget;
			buildConfigurationList = 3F641D3C269CD74600313D49 /* Build configuration list for PBXNativeTarget "Sprout" */;
			buildPhases = (
				153F3665A0D224269F8FA60E /* [CP] Check Pods Manifest.lock */,
				3F641D09269CD74500313D49 /* Sources */,
				3F641D0A269CD74500313D49 /* Frameworks */,
				3F641D0B269CD74500313D49 /* Resources */,
				752308D754C2A8DB5F15FB7E /* [CP] Embed Pods Frameworks */,
			);
			buildRules = (
			);
			dependencies = (
			);
			name = Sprout;
			productName = Sprout;
			productReference = 3F641D0D269CD74500313D49 /* Sprout.app */;
			productType = "com.apple.product-type.application";
		};
		3F641D27269CD74600313D49 /* SproutTests */ = {
			isa = PBXNativeTarget;
			buildConfigurationList = 3F641D3F269CD74600313D49 /* Build configuration list for PBXNativeTarget "SproutTests" */;
			buildPhases = (
				5B242A86BCEF38DD13B85264 /* [CP] Check Pods Manifest.lock */,
				3F641D24269CD74600313D49 /* Sources */,
				3F641D25269CD74600313D49 /* Frameworks */,
				3F641D26269CD74600313D49 /* Resources */,
			);
			buildRules = (
			);
			dependencies = (
				3F641D2A269CD74600313D49 /* PBXTargetDependency */,
			);
			name = SproutTests;
			productName = SproutTests;
			productReference = 3F641D28269CD74600313D49 /* SproutTests.xctest */;
			productType = "com.apple.product-type.bundle.unit-test";
		};
		3F641D32269CD74600313D49 /* SproutUITests */ = {
			isa = PBXNativeTarget;
			buildConfigurationList = 3F641D42269CD74600313D49 /* Build configuration list for PBXNativeTarget "SproutUITests" */;
			buildPhases = (
				88CD9CC5501417D91311C685 /* [CP] Check Pods Manifest.lock */,
				3F641D2F269CD74600313D49 /* Sources */,
				3F641D30269CD74600313D49 /* Frameworks */,
				3F641D31269CD74600313D49 /* Resources */,
				65E190A77D06013148ECC51E /* [CP] Embed Pods Frameworks */,
			);
			buildRules = (
			);
			dependencies = (
				3F641D35269CD74600313D49 /* PBXTargetDependency */,
			);
			name = SproutUITests;
			productName = SproutUITests;
			productReference = 3F641D33269CD74600313D49 /* SproutUITests.xctest */;
			productType = "com.apple.product-type.bundle.ui-testing";
		};
/* End PBXNativeTarget section */

/* Begin PBXProject section */
		3F641D05269CD74500313D49 /* Project object */ = {
			isa = PBXProject;
			attributes = {
				LastUpgradeCheck = 1250;
				TargetAttributes = {
					3F641D0C269CD74500313D49 = {
						CreatedOnToolsVersion = 12.5.1;
					};
					3F641D27269CD74600313D49 = {
						CreatedOnToolsVersion = 12.5.1;
						TestTargetID = 3F641D0C269CD74500313D49;
					};
					3F641D32269CD74600313D49 = {
						CreatedOnToolsVersion = 12.5.1;
						TestTargetID = 3F641D0C269CD74500313D49;
					};
				};
			};
			buildConfigurationList = 3F641D08269CD74500313D49 /* Build configuration list for PBXProject "Sprout" */;
			compatibilityVersion = "Xcode 9.3";
			developmentRegion = en;
			hasScannedForEncodings = 0;
			knownRegions = (
				en,
				Base,
			);
			mainGroup = 3F641D04269CD74500313D49;
			productRefGroup = 3F641D0E269CD74500313D49 /* Products */;
			projectDirPath = "";
			projectRoot = "";
			targets = (
				3F641D0C269CD74500313D49 /* Sprout */,
				3F641D27269CD74600313D49 /* SproutTests */,
				3F641D32269CD74600313D49 /* SproutUITests */,
			);
		};
/* End PBXProject section */

/* Begin PBXResourcesBuildPhase section */
		3F641D0B269CD74500313D49 /* Resources */ = {
			isa = PBXResourcesBuildPhase;
			buildActionMask = 2147483647;
			files = (
				3FADF3EA26A07AB6002B5911 /* Keys.plist in Resources */,
				3F641D20269CD74600313D49 /* LaunchScreen.storyboard in Resources */,
				3F641D1D269CD74600313D49 /* Assets.xcassets in Resources */,
				3F641D1B269CD74500313D49 /* Main.storyboard in Resources */,
			);
			runOnlyForDeploymentPostprocessing = 0;
		};
		3F641D26269CD74600313D49 /* Resources */ = {
			isa = PBXResourcesBuildPhase;
			buildActionMask = 2147483647;
			files = (
			);
			runOnlyForDeploymentPostprocessing = 0;
		};
		3F641D31269CD74600313D49 /* Resources */ = {
			isa = PBXResourcesBuildPhase;
			buildActionMask = 2147483647;
			files = (
			);
			runOnlyForDeploymentPostprocessing = 0;
		};
/* End PBXResourcesBuildPhase section */

/* Begin PBXShellScriptBuildPhase section */
		153F3665A0D224269F8FA60E /* [CP] Check Pods Manifest.lock */ = {
			isa = PBXShellScriptBuildPhase;
			buildActionMask = 2147483647;
			files = (
			);
			inputFileListPaths = (
			);
			inputPaths = (
				"${PODS_PODFILE_DIR_PATH}/Podfile.lock",
				"${PODS_ROOT}/Manifest.lock",
			);
			name = "[CP] Check Pods Manifest.lock";
			outputFileListPaths = (
			);
			outputPaths = (
				"$(DERIVED_FILE_DIR)/Pods-Sprout-checkManifestLockResult.txt",
			);
			runOnlyForDeploymentPostprocessing = 0;
			shellPath = /bin/sh;
			shellScript = "diff \"${PODS_PODFILE_DIR_PATH}/Podfile.lock\" \"${PODS_ROOT}/Manifest.lock\" > /dev/null\nif [ $? != 0 ] ; then\n    # print error to STDERR\n    echo \"error: The sandbox is not in sync with the Podfile.lock. Run 'pod install' or update your CocoaPods installation.\" >&2\n    exit 1\nfi\n# This output is used by Xcode 'outputs' to avoid re-running this script phase.\necho \"SUCCESS\" > \"${SCRIPT_OUTPUT_FILE_0}\"\n";
			showEnvVarsInLog = 0;
		};
		5B242A86BCEF38DD13B85264 /* [CP] Check Pods Manifest.lock */ = {
			isa = PBXShellScriptBuildPhase;
			buildActionMask = 2147483647;
			files = (
			);
			inputFileListPaths = (
			);
			inputPaths = (
				"${PODS_PODFILE_DIR_PATH}/Podfile.lock",
				"${PODS_ROOT}/Manifest.lock",
			);
			name = "[CP] Check Pods Manifest.lock";
			outputFileListPaths = (
			);
			outputPaths = (
				"$(DERIVED_FILE_DIR)/Pods-SproutTests-checkManifestLockResult.txt",
			);
			runOnlyForDeploymentPostprocessing = 0;
			shellPath = /bin/sh;
			shellScript = "diff \"${PODS_PODFILE_DIR_PATH}/Podfile.lock\" \"${PODS_ROOT}/Manifest.lock\" > /dev/null\nif [ $? != 0 ] ; then\n    # print error to STDERR\n    echo \"error: The sandbox is not in sync with the Podfile.lock. Run 'pod install' or update your CocoaPods installation.\" >&2\n    exit 1\nfi\n# This output is used by Xcode 'outputs' to avoid re-running this script phase.\necho \"SUCCESS\" > \"${SCRIPT_OUTPUT_FILE_0}\"\n";
			showEnvVarsInLog = 0;
		};
		65E190A77D06013148ECC51E /* [CP] Embed Pods Frameworks */ = {
			isa = PBXShellScriptBuildPhase;
			buildActionMask = 2147483647;
			files = (
			);
			inputFileListPaths = (
				"${PODS_ROOT}/Target Support Files/Pods-Sprout-SproutUITests/Pods-Sprout-SproutUITests-frameworks-${CONFIGURATION}-input-files.xcfilelist",
			);
			name = "[CP] Embed Pods Frameworks";
			outputFileListPaths = (
				"${PODS_ROOT}/Target Support Files/Pods-Sprout-SproutUITests/Pods-Sprout-SproutUITests-frameworks-${CONFIGURATION}-output-files.xcfilelist",
			);
			runOnlyForDeploymentPostprocessing = 0;
			shellPath = /bin/sh;
			shellScript = "\"${PODS_ROOT}/Target Support Files/Pods-Sprout-SproutUITests/Pods-Sprout-SproutUITests-frameworks.sh\"\n";
			showEnvVarsInLog = 0;
		};
		752308D754C2A8DB5F15FB7E /* [CP] Embed Pods Frameworks */ = {
			isa = PBXShellScriptBuildPhase;
			buildActionMask = 2147483647;
			files = (
			);
			inputFileListPaths = (
				"${PODS_ROOT}/Target Support Files/Pods-Sprout/Pods-Sprout-frameworks-${CONFIGURATION}-input-files.xcfilelist",
			);
			name = "[CP] Embed Pods Frameworks";
			outputFileListPaths = (
				"${PODS_ROOT}/Target Support Files/Pods-Sprout/Pods-Sprout-frameworks-${CONFIGURATION}-output-files.xcfilelist",
			);
			runOnlyForDeploymentPostprocessing = 0;
			shellPath = /bin/sh;
			shellScript = "\"${PODS_ROOT}/Target Support Files/Pods-Sprout/Pods-Sprout-frameworks.sh\"\n";
			showEnvVarsInLog = 0;
		};
		88CD9CC5501417D91311C685 /* [CP] Check Pods Manifest.lock */ = {
			isa = PBXShellScriptBuildPhase;
			buildActionMask = 2147483647;
			files = (
			);
			inputFileListPaths = (
			);
			inputPaths = (
				"${PODS_PODFILE_DIR_PATH}/Podfile.lock",
				"${PODS_ROOT}/Manifest.lock",
			);
			name = "[CP] Check Pods Manifest.lock";
			outputFileListPaths = (
			);
			outputPaths = (
				"$(DERIVED_FILE_DIR)/Pods-Sprout-SproutUITests-checkManifestLockResult.txt",
			);
			runOnlyForDeploymentPostprocessing = 0;
			shellPath = /bin/sh;
			shellScript = "diff \"${PODS_PODFILE_DIR_PATH}/Podfile.lock\" \"${PODS_ROOT}/Manifest.lock\" > /dev/null\nif [ $? != 0 ] ; then\n    # print error to STDERR\n    echo \"error: The sandbox is not in sync with the Podfile.lock. Run 'pod install' or update your CocoaPods installation.\" >&2\n    exit 1\nfi\n# This output is used by Xcode 'outputs' to avoid re-running this script phase.\necho \"SUCCESS\" > \"${SCRIPT_OUTPUT_FILE_0}\"\n";
			showEnvVarsInLog = 0;
		};
/* End PBXShellScriptBuildPhase section */

/* Begin PBXSourcesBuildPhase section */
		3F641D09269CD74500313D49 /* Sources */ = {
			isa = PBXSourcesBuildPhase;
			buildActionMask = 2147483647;
			files = (
				3F0BE4C5269CEB7700D41611 /* LoginViewController.m in Sources */,
				3F641D12269CD74500313D49 /* AppDelegate.m in Sources */,
				3F46509E26A7573000E6890E /* EditProfileViewController.m in Sources */,
				3FADF3E826A07970002B5911 /* Networker.m in Sources */,
				3FADF3DF269E2920002B5911 /* Task.m in Sources */,
				3F641D23269CD74600313D49 /* main.m in Sources */,
				3F0BE4C8269DE5E300D41611 /* HomeViewController.m in Sources */,
				3FADF3CE269E00D9002B5911 /* SocialFeedViewController.m in Sources */,
				3FADF3E2269E2934002B5911 /* Post.m in Sources */,
				3FADF3E5269E2C9E002B5911 /* ComposePlanViewController.m in Sources */,
				3FADF3D6269E0D8C002B5911 /* TaskCell.m in Sources */,
				3F0BE4CB269DE7A800D41611 /* ProfileViewController.m in Sources */,
				3F641D15269CD74500313D49 /* SceneDelegate.m in Sources */,
				3FADF3D9269E0D9B002B5911 /* PostCell.m in Sources */,
				3F34F28126A5F8050035D0F0 /* ComposePostViewController.m in Sources */,
			);
			runOnlyForDeploymentPostprocessing = 0;
		};
		3F641D24269CD74600313D49 /* Sources */ = {
			isa = PBXSourcesBuildPhase;
			buildActionMask = 2147483647;
			files = (
				3F641D2D269CD74600313D49 /* SproutTests.m in Sources */,
			);
			runOnlyForDeploymentPostprocessing = 0;
		};
		3F641D2F269CD74600313D49 /* Sources */ = {
			isa = PBXSourcesBuildPhase;
			buildActionMask = 2147483647;
			files = (
				3F641D38269CD74600313D49 /* SproutUITests.m in Sources */,
			);
			runOnlyForDeploymentPostprocessing = 0;
		};
/* End PBXSourcesBuildPhase section */

/* Begin PBXTargetDependency section */
		3F641D2A269CD74600313D49 /* PBXTargetDependency */ = {
			isa = PBXTargetDependency;
			target = 3F641D0C269CD74500313D49 /* Sprout */;
			targetProxy = 3F641D29269CD74600313D49 /* PBXContainerItemProxy */;
		};
		3F641D35269CD74600313D49 /* PBXTargetDependency */ = {
			isa = PBXTargetDependency;
			target = 3F641D0C269CD74500313D49 /* Sprout */;
			targetProxy = 3F641D34269CD74600313D49 /* PBXContainerItemProxy */;
		};
/* End PBXTargetDependency section */

/* Begin PBXVariantGroup section */
		3F641D19269CD74500313D49 /* Main.storyboard */ = {
			isa = PBXVariantGroup;
			children = (
				3F641D1A269CD74500313D49 /* Base */,
			);
			name = Main.storyboard;
			sourceTree = "<group>";
		};
		3F641D1E269CD74600313D49 /* LaunchScreen.storyboard */ = {
			isa = PBXVariantGroup;
			children = (
				3F641D1F269CD74600313D49 /* Base */,
			);
			name = LaunchScreen.storyboard;
			sourceTree = "<group>";
		};
/* End PBXVariantGroup section */

/* Begin XCBuildConfiguration section */
		3F641D3A269CD74600313D49 /* Debug */ = {
			isa = XCBuildConfiguration;
			buildSettings = {
				ALWAYS_SEARCH_USER_PATHS = NO;
				CLANG_ANALYZER_NONNULL = YES;
				CLANG_ANALYZER_NUMBER_OBJECT_CONVERSION = YES_AGGRESSIVE;
				CLANG_CXX_LANGUAGE_STANDARD = "gnu++14";
				CLANG_CXX_LIBRARY = "libc++";
				CLANG_ENABLE_MODULES = YES;
				CLANG_ENABLE_OBJC_ARC = YES;
				CLANG_ENABLE_OBJC_WEAK = YES;
				CLANG_WARN_BLOCK_CAPTURE_AUTORELEASING = YES;
				CLANG_WARN_BOOL_CONVERSION = YES;
				CLANG_WARN_COMMA = YES;
				CLANG_WARN_CONSTANT_CONVERSION = YES;
				CLANG_WARN_DEPRECATED_OBJC_IMPLEMENTATIONS = YES;
				CLANG_WARN_DIRECT_OBJC_ISA_USAGE = YES_ERROR;
				CLANG_WARN_DOCUMENTATION_COMMENTS = YES;
				CLANG_WARN_EMPTY_BODY = YES;
				CLANG_WARN_ENUM_CONVERSION = YES;
				CLANG_WARN_INFINITE_RECURSION = YES;
				CLANG_WARN_INT_CONVERSION = YES;
				CLANG_WARN_NON_LITERAL_NULL_CONVERSION = YES;
				CLANG_WARN_OBJC_IMPLICIT_RETAIN_SELF = YES;
				CLANG_WARN_OBJC_LITERAL_CONVERSION = YES;
				CLANG_WARN_OBJC_ROOT_CLASS = YES_ERROR;
				CLANG_WARN_QUOTED_INCLUDE_IN_FRAMEWORK_HEADER = YES;
				CLANG_WARN_RANGE_LOOP_ANALYSIS = YES;
				CLANG_WARN_STRICT_PROTOTYPES = YES;
				CLANG_WARN_SUSPICIOUS_MOVE = YES;
				CLANG_WARN_UNGUARDED_AVAILABILITY = YES_AGGRESSIVE;
				CLANG_WARN_UNREACHABLE_CODE = YES;
				CLANG_WARN__DUPLICATE_METHOD_MATCH = YES;
				COPY_PHASE_STRIP = NO;
				DEBUG_INFORMATION_FORMAT = dwarf;
				ENABLE_STRICT_OBJC_MSGSEND = YES;
				ENABLE_TESTABILITY = YES;
				GCC_C_LANGUAGE_STANDARD = gnu11;
				GCC_DYNAMIC_NO_PIC = NO;
				GCC_NO_COMMON_BLOCKS = YES;
				GCC_OPTIMIZATION_LEVEL = 0;
				GCC_PREPROCESSOR_DEFINITIONS = (
					"DEBUG=1",
					"$(inherited)",
				);
				GCC_WARN_64_TO_32_BIT_CONVERSION = YES;
				GCC_WARN_ABOUT_RETURN_TYPE = YES_ERROR;
				GCC_WARN_UNDECLARED_SELECTOR = YES;
				GCC_WARN_UNINITIALIZED_AUTOS = YES_AGGRESSIVE;
				GCC_WARN_UNUSED_FUNCTION = YES;
				GCC_WARN_UNUSED_VARIABLE = YES;
				IPHONEOS_DEPLOYMENT_TARGET = 14.5;
				MTL_ENABLE_DEBUG_INFO = INCLUDE_SOURCE;
				MTL_FAST_MATH = YES;
				ONLY_ACTIVE_ARCH = YES;
				SDKROOT = iphoneos;
			};
			name = Debug;
		};
		3F641D3B269CD74600313D49 /* Release */ = {
			isa = XCBuildConfiguration;
			buildSettings = {
				ALWAYS_SEARCH_USER_PATHS = NO;
				CLANG_ANALYZER_NONNULL = YES;
				CLANG_ANALYZER_NUMBER_OBJECT_CONVERSION = YES_AGGRESSIVE;
				CLANG_CXX_LANGUAGE_STANDARD = "gnu++14";
				CLANG_CXX_LIBRARY = "libc++";
				CLANG_ENABLE_MODULES = YES;
				CLANG_ENABLE_OBJC_ARC = YES;
				CLANG_ENABLE_OBJC_WEAK = YES;
				CLANG_WARN_BLOCK_CAPTURE_AUTORELEASING = YES;
				CLANG_WARN_BOOL_CONVERSION = YES;
				CLANG_WARN_COMMA = YES;
				CLANG_WARN_CONSTANT_CONVERSION = YES;
				CLANG_WARN_DEPRECATED_OBJC_IMPLEMENTATIONS = YES;
				CLANG_WARN_DIRECT_OBJC_ISA_USAGE = YES_ERROR;
				CLANG_WARN_DOCUMENTATION_COMMENTS = YES;
				CLANG_WARN_EMPTY_BODY = YES;
				CLANG_WARN_ENUM_CONVERSION = YES;
				CLANG_WARN_INFINITE_RECURSION = YES;
				CLANG_WARN_INT_CONVERSION = YES;
				CLANG_WARN_NON_LITERAL_NULL_CONVERSION = YES;
				CLANG_WARN_OBJC_IMPLICIT_RETAIN_SELF = YES;
				CLANG_WARN_OBJC_LITERAL_CONVERSION = YES;
				CLANG_WARN_OBJC_ROOT_CLASS = YES_ERROR;
				CLANG_WARN_QUOTED_INCLUDE_IN_FRAMEWORK_HEADER = YES;
				CLANG_WARN_RANGE_LOOP_ANALYSIS = YES;
				CLANG_WARN_STRICT_PROTOTYPES = YES;
				CLANG_WARN_SUSPICIOUS_MOVE = YES;
				CLANG_WARN_UNGUARDED_AVAILABILITY = YES_AGGRESSIVE;
				CLANG_WARN_UNREACHABLE_CODE = YES;
				CLANG_WARN__DUPLICATE_METHOD_MATCH = YES;
				COPY_PHASE_STRIP = NO;
				DEBUG_INFORMATION_FORMAT = "dwarf-with-dsym";
				ENABLE_NS_ASSERTIONS = NO;
				ENABLE_STRICT_OBJC_MSGSEND = YES;
				GCC_C_LANGUAGE_STANDARD = gnu11;
				GCC_NO_COMMON_BLOCKS = YES;
				GCC_WARN_64_TO_32_BIT_CONVERSION = YES;
				GCC_WARN_ABOUT_RETURN_TYPE = YES_ERROR;
				GCC_WARN_UNDECLARED_SELECTOR = YES;
				GCC_WARN_UNINITIALIZED_AUTOS = YES_AGGRESSIVE;
				GCC_WARN_UNUSED_FUNCTION = YES;
				GCC_WARN_UNUSED_VARIABLE = YES;
				IPHONEOS_DEPLOYMENT_TARGET = 14.5;
				MTL_ENABLE_DEBUG_INFO = NO;
				MTL_FAST_MATH = YES;
				SDKROOT = iphoneos;
				VALIDATE_PRODUCT = YES;
			};
			name = Release;
		};
		3F641D3D269CD74600313D49 /* Debug */ = {
			isa = XCBuildConfiguration;
			baseConfigurationReference = 828F7BEAC83E0940E64469A2 /* Pods-Sprout.debug.xcconfig */;
			buildSettings = {
				ASSETCATALOG_COMPILER_APPICON_NAME = AppIcon;
				ASSETCATALOG_COMPILER_GLOBAL_ACCENT_COLOR_NAME = AccentColor;
				CODE_SIGN_STYLE = Automatic;
				DEVELOPMENT_TEAM = FJB4JFKGT4;
				INFOPLIST_FILE = Sprout/Info.plist;
				LD_RUNPATH_SEARCH_PATHS = (
					"$(inherited)",
					"@executable_path/Frameworks",
				);
				PRODUCT_BUNDLE_IDENTIFIER = com.sarahlywang.Sprout;
				PRODUCT_NAME = "$(TARGET_NAME)";
				TARGETED_DEVICE_FAMILY = "1,2";
			};
			name = Debug;
		};
		3F641D3E269CD74600313D49 /* Release */ = {
			isa = XCBuildConfiguration;
			baseConfigurationReference = C21E0D81E467A3AEF68FBF58 /* Pods-Sprout.release.xcconfig */;
			buildSettings = {
				ASSETCATALOG_COMPILER_APPICON_NAME = AppIcon;
				ASSETCATALOG_COMPILER_GLOBAL_ACCENT_COLOR_NAME = AccentColor;
				CODE_SIGN_STYLE = Automatic;
				DEVELOPMENT_TEAM = FJB4JFKGT4;
				INFOPLIST_FILE = Sprout/Info.plist;
				LD_RUNPATH_SEARCH_PATHS = (
					"$(inherited)",
					"@executable_path/Frameworks",
				);
				PRODUCT_BUNDLE_IDENTIFIER = com.sarahlywang.Sprout;
				PRODUCT_NAME = "$(TARGET_NAME)";
				TARGETED_DEVICE_FAMILY = "1,2";
			};
			name = Release;
		};
		3F641D40269CD74600313D49 /* Debug */ = {
			isa = XCBuildConfiguration;
			baseConfigurationReference = 90C10A85E5528CB9A4A1FA15 /* Pods-SproutTests.debug.xcconfig */;
			buildSettings = {
				BUNDLE_LOADER = "$(TEST_HOST)";
				CODE_SIGN_STYLE = Automatic;
				DEVELOPMENT_TEAM = FJB4JFKGT4;
				INFOPLIST_FILE = SproutTests/Info.plist;
				IPHONEOS_DEPLOYMENT_TARGET = 14.5;
				LD_RUNPATH_SEARCH_PATHS = (
					"$(inherited)",
					"@executable_path/Frameworks",
					"@loader_path/Frameworks",
				);
				PRODUCT_BUNDLE_IDENTIFIER = com.sarahlywang.SproutTests;
				PRODUCT_NAME = "$(TARGET_NAME)";
				TARGETED_DEVICE_FAMILY = "1,2";
				TEST_HOST = "$(BUILT_PRODUCTS_DIR)/Sprout.app/Sprout";
			};
			name = Debug;
		};
		3F641D41269CD74600313D49 /* Release */ = {
			isa = XCBuildConfiguration;
			baseConfigurationReference = BF3DD849CA765C48AC56258F /* Pods-SproutTests.release.xcconfig */;
			buildSettings = {
				BUNDLE_LOADER = "$(TEST_HOST)";
				CODE_SIGN_STYLE = Automatic;
				DEVELOPMENT_TEAM = FJB4JFKGT4;
				INFOPLIST_FILE = SproutTests/Info.plist;
				IPHONEOS_DEPLOYMENT_TARGET = 14.5;
				LD_RUNPATH_SEARCH_PATHS = (
					"$(inherited)",
					"@executable_path/Frameworks",
					"@loader_path/Frameworks",
				);
				PRODUCT_BUNDLE_IDENTIFIER = com.sarahlywang.SproutTests;
				PRODUCT_NAME = "$(TARGET_NAME)";
				TARGETED_DEVICE_FAMILY = "1,2";
				TEST_HOST = "$(BUILT_PRODUCTS_DIR)/Sprout.app/Sprout";
			};
			name = Release;
		};
		3F641D43269CD74600313D49 /* Debug */ = {
			isa = XCBuildConfiguration;
			baseConfigurationReference = ED8D8D3C280DE61A06E6DD2E /* Pods-Sprout-SproutUITests.debug.xcconfig */;
			buildSettings = {
				CODE_SIGN_STYLE = Automatic;
				DEVELOPMENT_TEAM = FJB4JFKGT4;
				INFOPLIST_FILE = SproutUITests/Info.plist;
				LD_RUNPATH_SEARCH_PATHS = (
					"$(inherited)",
					"@executable_path/Frameworks",
					"@loader_path/Frameworks",
				);
				PRODUCT_BUNDLE_IDENTIFIER = com.sarahlywang.SproutUITests;
				PRODUCT_NAME = "$(TARGET_NAME)";
				TARGETED_DEVICE_FAMILY = "1,2";
				TEST_TARGET_NAME = Sprout;
			};
			name = Debug;
		};
		3F641D44269CD74600313D49 /* Release */ = {
			isa = XCBuildConfiguration;
			baseConfigurationReference = 0A6193248C7C198FBA151C74 /* Pods-Sprout-SproutUITests.release.xcconfig */;
			buildSettings = {
				CODE_SIGN_STYLE = Automatic;
				DEVELOPMENT_TEAM = FJB4JFKGT4;
				INFOPLIST_FILE = SproutUITests/Info.plist;
				LD_RUNPATH_SEARCH_PATHS = (
					"$(inherited)",
					"@executable_path/Frameworks",
					"@loader_path/Frameworks",
				);
				PRODUCT_BUNDLE_IDENTIFIER = com.sarahlywang.SproutUITests;
				PRODUCT_NAME = "$(TARGET_NAME)";
				TARGETED_DEVICE_FAMILY = "1,2";
				TEST_TARGET_NAME = Sprout;
			};
			name = Release;
		};
/* End XCBuildConfiguration section */

/* Begin XCConfigurationList section */
		3F641D08269CD74500313D49 /* Build configuration list for PBXProject "Sprout" */ = {
			isa = XCConfigurationList;
			buildConfigurations = (
				3F641D3A269CD74600313D49 /* Debug */,
				3F641D3B269CD74600313D49 /* Release */,
			);
			defaultConfigurationIsVisible = 0;
			defaultConfigurationName = Release;
		};
		3F641D3C269CD74600313D49 /* Build configuration list for PBXNativeTarget "Sprout" */ = {
			isa = XCConfigurationList;
			buildConfigurations = (
				3F641D3D269CD74600313D49 /* Debug */,
				3F641D3E269CD74600313D49 /* Release */,
			);
			defaultConfigurationIsVisible = 0;
			defaultConfigurationName = Release;
		};
		3F641D3F269CD74600313D49 /* Build configuration list for PBXNativeTarget "SproutTests" */ = {
			isa = XCConfigurationList;
			buildConfigurations = (
				3F641D40269CD74600313D49 /* Debug */,
				3F641D41269CD74600313D49 /* Release */,
			);
			defaultConfigurationIsVisible = 0;
			defaultConfigurationName = Release;
		};
		3F641D42269CD74600313D49 /* Build configuration list for PBXNativeTarget "SproutUITests" */ = {
			isa = XCConfigurationList;
			buildConfigurations = (
				3F641D43269CD74600313D49 /* Debug */,
				3F641D44269CD74600313D49 /* Release */,
			);
			defaultConfigurationIsVisible = 0;
			defaultConfigurationName = Release;
		};
/* End XCConfigurationList section */
	};
	rootObject = 3F641D05269CD74500313D49 /* Project object */;
}
